
Microsoft Visual Studio Solution File, Format Version 12.00
# Visual Studio Version 16
VisualStudioVersion = 16.0.30907.101
MinimumVisualStudioVersion = 10.0.40219.1
Project("{9A19103F-16F7-4668-BE54-9A1E7A4F7556}") = "CcsSso.Core.Api", "CcsSso.Core.Api\CcsSso.Core.Api.csproj", "{2A445B86-7346-4965-8C64-0CAAF5438ABA}"
EndProject
Project("{9A19103F-16F7-4668-BE54-9A1E7A4F7556}") = "CcsSso.Core.Domain", "CcsSso.Core.Domain\CcsSso.Core.Domain.csproj", "{D744B43A-E231-4815-94D2-93D0CF4EF762}"
EndProject
Project("{9A19103F-16F7-4668-BE54-9A1E7A4F7556}") = "CcsSso.Core.Service", "CcsSso.Core.Service\CcsSso.Core.Service.csproj", "{2CCD6DF1-3FA4-4C50-AC31-3D98F21932A4}"
EndProject
Project("{9A19103F-16F7-4668-BE54-9A1E7A4F7556}") = "CcsSso.Core.DbModel", "CcsSso.Core.DbModel\CcsSso.Core.DbModel.csproj", "{A1F4FAC2-C80D-4DFE-8262-DA2CC3B7F0C0}"
EndProject
Project("{9A19103F-16F7-4668-BE54-9A1E7A4F7556}") = "CcsSso.Core.DbPersistence", "CcsSso.Core.DbPersistence\CcsSso.Core.DbPersistence.csproj", "{E17D409E-5C18-4863-8BC5-A619940CA935}"
EndProject
Project("{9A19103F-16F7-4668-BE54-9A1E7A4F7556}") = "CcsSso.Core.DbMigrations", "CcsSso.Core.DbMigrations\CcsSso.Core.DbMigrations.csproj", "{07E7D5BB-7BF5-4161-A977-A5B6BA970CC7}"
EndProject
Project("{9A19103F-16F7-4668-BE54-9A1E7A4F7556}") = "CcsSso.Core.Tests", "CcsSso.Core.Tests\CcsSso.Core.Tests.csproj", "{6A4D1456-FCA3-425A-8FF6-DB0304248B99}"
EndProject
Project("{9A19103F-16F7-4668-BE54-9A1E7A4F7556}") = "CcsSso.Core.ExternalApi", "CcsSso.Core.ExternalApi\CcsSso.Core.ExternalApi.csproj", "{6C57DD70-18E2-4763-BD74-8B21B0B1060D}"
EndProject
Project("{9A19103F-16F7-4668-BE54-9A1E7A4F7556}") = "CcsSso.Security.Domain", "CcsSso.Security.Domain\CcsSso.Security.Domain.csproj", "{1293F5A4-8752-4E79-BDEB-C43D991315AD}"
EndProject
Project("{9A19103F-16F7-4668-BE54-9A1E7A4F7556}") = "CcsSso.Security.Services", "CcsSso.Security.Services\CcsSso.Security.Services.csproj", "{9EF6247A-4558-496D-A543-945705692004}"
EndProject
Project("{9A19103F-16F7-4668-BE54-9A1E7A4F7556}") = "CcsSso.Security.Api", "CcsSso.Security.Api\CcsSso.Security.Api.csproj", "{5ECF726A-CF75-45C2-B23F-5CB33A601544}"
EndProject
Project("{9A19103F-16F7-4668-BE54-9A1E7A4F7556}") = "CcsSso.Security.Tests", "CcsSso.Security.Tests\CcsSso.Security.Tests.csproj", "{B6598538-BA6C-475B-A65A-6858F2FF1706}"
EndProject
Project("{9A19103F-16F7-4668-BE54-9A1E7A4F7556}") = "CcsSso.Security.Logs", "CcsSso.Security.Logs\CcsSso.Security.Logs.csproj", "{21905702-BA12-4EA8-9C42-D3713191A210}"
EndProject
Project("{2150E333-8FDC-42A3-9474-1A3956D46DE8}") = "Solution Items", "Solution Items", "{6E17DD98-FE2E-4FF6-82FD-8941F62C343A}"
	ProjectSection(SolutionItems) = preProject
		nuget.config = nuget.config
	EndProjectSection
EndProject
Project("{2150E333-8FDC-42A3-9474-1A3956D46DE8}") = "Core", "Core", "{179F7A96-5DE5-47E9-BC61-F5E4276EF60C}"
EndProject
Project("{2150E333-8FDC-42A3-9474-1A3956D46DE8}") = "Security", "Security", "{259CE2FE-4058-48E9-A804-7108C34A001E}"
EndProject
Project("{2150E333-8FDC-42A3-9474-1A3956D46DE8}") = "DataAccess", "DataAccess", "{B70DF289-C7B3-4B67-B72C-DAA964724C4F}"
EndProject
Project("{2150E333-8FDC-42A3-9474-1A3956D46DE8}") = "External", "External", "{EE82BB63-2383-467B-A056-06EC3CEF5217}"
EndProject
Global
	GlobalSection(SolutionConfigurationPlatforms) = preSolution
		Debug|Any CPU = Debug|Any CPU
		Release|Any CPU = Release|Any CPU
	EndGlobalSection
	GlobalSection(ProjectConfigurationPlatforms) = postSolution
		{2A445B86-7346-4965-8C64-0CAAF5438ABA}.Debug|Any CPU.ActiveCfg = Debug|Any CPU
		{2A445B86-7346-4965-8C64-0CAAF5438ABA}.Debug|Any CPU.Build.0 = Debug|Any CPU
		{2A445B86-7346-4965-8C64-0CAAF5438ABA}.Release|Any CPU.ActiveCfg = Release|Any CPU
		{2A445B86-7346-4965-8C64-0CAAF5438ABA}.Release|Any CPU.Build.0 = Release|Any CPU
		{D744B43A-E231-4815-94D2-93D0CF4EF762}.Debug|Any CPU.ActiveCfg = Debug|Any CPU
		{D744B43A-E231-4815-94D2-93D0CF4EF762}.Debug|Any CPU.Build.0 = Debug|Any CPU
		{D744B43A-E231-4815-94D2-93D0CF4EF762}.Release|Any CPU.ActiveCfg = Release|Any CPU
		{D744B43A-E231-4815-94D2-93D0CF4EF762}.Release|Any CPU.Build.0 = Release|Any CPU
		{2CCD6DF1-3FA4-4C50-AC31-3D98F21932A4}.Debug|Any CPU.ActiveCfg = Debug|Any CPU
		{2CCD6DF1-3FA4-4C50-AC31-3D98F21932A4}.Debug|Any CPU.Build.0 = Debug|Any CPU
		{2CCD6DF1-3FA4-4C50-AC31-3D98F21932A4}.Release|Any CPU.ActiveCfg = Release|Any CPU
		{2CCD6DF1-3FA4-4C50-AC31-3D98F21932A4}.Release|Any CPU.Build.0 = Release|Any CPU
		{A1F4FAC2-C80D-4DFE-8262-DA2CC3B7F0C0}.Debug|Any CPU.ActiveCfg = Debug|Any CPU
		{A1F4FAC2-C80D-4DFE-8262-DA2CC3B7F0C0}.Debug|Any CPU.Build.0 = Debug|Any CPU
		{A1F4FAC2-C80D-4DFE-8262-DA2CC3B7F0C0}.Release|Any CPU.ActiveCfg = Release|Any CPU
		{A1F4FAC2-C80D-4DFE-8262-DA2CC3B7F0C0}.Release|Any CPU.Build.0 = Release|Any CPU
		{E17D409E-5C18-4863-8BC5-A619940CA935}.Debug|Any CPU.ActiveCfg = Debug|Any CPU
		{E17D409E-5C18-4863-8BC5-A619940CA935}.Debug|Any CPU.Build.0 = Debug|Any CPU
		{E17D409E-5C18-4863-8BC5-A619940CA935}.Release|Any CPU.ActiveCfg = Release|Any CPU
		{E17D409E-5C18-4863-8BC5-A619940CA935}.Release|Any CPU.Build.0 = Release|Any CPU
		{07E7D5BB-7BF5-4161-A977-A5B6BA970CC7}.Debug|Any CPU.ActiveCfg = Debug|Any CPU
		{07E7D5BB-7BF5-4161-A977-A5B6BA970CC7}.Debug|Any CPU.Build.0 = Debug|Any CPU
		{07E7D5BB-7BF5-4161-A977-A5B6BA970CC7}.Release|Any CPU.ActiveCfg = Release|Any CPU
		{07E7D5BB-7BF5-4161-A977-A5B6BA970CC7}.Release|Any CPU.Build.0 = Release|Any CPU
		{6A4D1456-FCA3-425A-8FF6-DB0304248B99}.Debug|Any CPU.ActiveCfg = Debug|Any CPU
		{6A4D1456-FCA3-425A-8FF6-DB0304248B99}.Debug|Any CPU.Build.0 = Debug|Any CPU
		{6A4D1456-FCA3-425A-8FF6-DB0304248B99}.Release|Any CPU.ActiveCfg = Release|Any CPU
		{6A4D1456-FCA3-425A-8FF6-DB0304248B99}.Release|Any CPU.Build.0 = Release|Any CPU
		{6C57DD70-18E2-4763-BD74-8B21B0B1060D}.Debug|Any CPU.ActiveCfg = Debug|Any CPU
		{6C57DD70-18E2-4763-BD74-8B21B0B1060D}.Debug|Any CPU.Build.0 = Debug|Any CPU
		{6C57DD70-18E2-4763-BD74-8B21B0B1060D}.Release|Any CPU.ActiveCfg = Release|Any CPU
		{6C57DD70-18E2-4763-BD74-8B21B0B1060D}.Release|Any CPU.Build.0 = Release|Any CPU
		{1293F5A4-8752-4E79-BDEB-C43D991315AD}.Debug|Any CPU.ActiveCfg = Debug|Any CPU
		{1293F5A4-8752-4E79-BDEB-C43D991315AD}.Debug|Any CPU.Build.0 = Debug|Any CPU
		{1293F5A4-8752-4E79-BDEB-C43D991315AD}.Release|Any CPU.ActiveCfg = Release|Any CPU
		{1293F5A4-8752-4E79-BDEB-C43D991315AD}.Release|Any CPU.Build.0 = Release|Any CPU
		{9EF6247A-4558-496D-A543-945705692004}.Debug|Any CPU.ActiveCfg = Debug|Any CPU
		{9EF6247A-4558-496D-A543-945705692004}.Debug|Any CPU.Build.0 = Debug|Any CPU
		{9EF6247A-4558-496D-A543-945705692004}.Release|Any CPU.ActiveCfg = Release|Any CPU
		{9EF6247A-4558-496D-A543-945705692004}.Release|Any CPU.Build.0 = Release|Any CPU
		{5ECF726A-CF75-45C2-B23F-5CB33A601544}.Debug|Any CPU.ActiveCfg = Debug|Any CPU
		{5ECF726A-CF75-45C2-B23F-5CB33A601544}.Debug|Any CPU.Build.0 = Debug|Any CPU
		{5ECF726A-CF75-45C2-B23F-5CB33A601544}.Release|Any CPU.ActiveCfg = Release|Any CPU
		{5ECF726A-CF75-45C2-B23F-5CB33A601544}.Release|Any CPU.Build.0 = Release|Any CPU
		{B6598538-BA6C-475B-A65A-6858F2FF1706}.Debug|Any CPU.ActiveCfg = Debug|Any CPU
		{B6598538-BA6C-475B-A65A-6858F2FF1706}.Debug|Any CPU.Build.0 = Debug|Any CPU
		{B6598538-BA6C-475B-A65A-6858F2FF1706}.Release|Any CPU.ActiveCfg = Release|Any CPU
		{B6598538-BA6C-475B-A65A-6858F2FF1706}.Release|Any CPU.Build.0 = Release|Any CPU
		{21905702-BA12-4EA8-9C42-D3713191A210}.Debug|Any CPU.ActiveCfg = Debug|Any CPU
		{21905702-BA12-4EA8-9C42-D3713191A210}.Debug|Any CPU.Build.0 = Debug|Any CPU
		{21905702-BA12-4EA8-9C42-D3713191A210}.Release|Any CPU.ActiveCfg = Release|Any CPU
		{21905702-BA12-4EA8-9C42-D3713191A210}.Release|Any CPU.Build.0 = Release|Any CPU
	EndGlobalSection
	GlobalSection(SolutionProperties) = preSolution
		HideSolutionNode = FALSE
	EndGlobalSection
	GlobalSection(NestedProjects) = preSolution
		{2A445B86-7346-4965-8C64-0CAAF5438ABA} = {179F7A96-5DE5-47E9-BC61-F5E4276EF60C}
		{D744B43A-E231-4815-94D2-93D0CF4EF762} = {179F7A96-5DE5-47E9-BC61-F5E4276EF60C}
		{2CCD6DF1-3FA4-4C50-AC31-3D98F21932A4} = {179F7A96-5DE5-47E9-BC61-F5E4276EF60C}
		{A1F4FAC2-C80D-4DFE-8262-DA2CC3B7F0C0} = {179F7A96-5DE5-47E9-BC61-F5E4276EF60C}
		{E17D409E-5C18-4863-8BC5-A619940CA935} = {179F7A96-5DE5-47E9-BC61-F5E4276EF60C}
		{07E7D5BB-7BF5-4161-A977-A5B6BA970CC7} = {179F7A96-5DE5-47E9-BC61-F5E4276EF60C}
		{6A4D1456-FCA3-425A-8FF6-DB0304248B99} = {179F7A96-5DE5-47E9-BC61-F5E4276EF60C}
		{6C57DD70-18E2-4763-BD74-8B21B0B1060D} = {EE82BB63-2383-467B-A056-06EC3CEF5217}
		{1293F5A4-8752-4E79-BDEB-C43D991315AD} = {259CE2FE-4058-48E9-A804-7108C34A001E}
		{9EF6247A-4558-496D-A543-945705692004} = {259CE2FE-4058-48E9-A804-7108C34A001E}
		{5ECF726A-CF75-45C2-B23F-5CB33A601544} = {259CE2FE-4058-48E9-A804-7108C34A001E}
		{B6598538-BA6C-475B-A65A-6858F2FF1706} = {259CE2FE-4058-48E9-A804-7108C34A001E}
		{21905702-BA12-4EA8-9C42-D3713191A210} = {259CE2FE-4058-48E9-A804-7108C34A001E}
	EndGlobalSection
	GlobalSection(ExtensibilityGlobals) = postSolution
		SolutionGuid = {37B13717-0A0F-4D37-A3DA-BA346AE5D064}
	EndGlobalSection
EndGlobal
